{
  "name": "frontend",
  "version": "1.0.0",
  "lockfileVersion": 1,
  "requires": true,
  "dependencies": {
    "@fortawesome/fontawesome-common-types": {
      "version": "0.2.27",
      "resolved": "https://npm.fontawesome.com/@fortawesome/fontawesome-common-types/-/0.2.27/fontawesome-common-types-0.2.27.tgz",
      "integrity": "sha512-97GaByGaXDGMkzcJX7VmR/jRJd8h1mfhtA7RsxDBN61GnWE/PPCZhOdwG/8OZYktiRUF0CvFOr+VgRkJrt6TWg=="
    },
    "@fortawesome/pro-duotone-svg-icons": {
      "version": "5.12.1",
      "resolved": "https://npm.fontawesome.com/@fortawesome/pro-duotone-svg-icons/-/5.12.1/pro-duotone-svg-icons-5.12.1.tgz",
      "integrity": "sha512-4dcKEbHKR9log2iowQDb3/nsVyQKrSArj7IVuG5hgNJFfPpeBNXM1LJQBSFgcDLyxmO3fkthU/ZS5pe9M1rwCQ==",
      "requires": {
        "@fortawesome/fontawesome-common-types": "^0.2.27"
      }
    },
    "@fortawesome/pro-regular-svg-icons": {
      "version": "5.12.1",
      "resolved": "https://npm.fontawesome.com/@fortawesome/pro-regular-svg-icons/-/5.12.1/pro-regular-svg-icons-5.12.1.tgz",
      "integrity": "sha512-IHwJ1Jj8zfNwC3Bj2m+YD21L1et9Ocxu6RCSLVqpTYgz2BT7CwUzHy83hUL+4JDEuA41sYyZjdsAXDgg5+DKZg==",
      "requires": {
        "@fortawesome/fontawesome-common-types": "^0.2.27"
      }
    },
    "vue-class-component": {
      "version": "7.2.3",
      "resolved": "https://registry.npmjs.org/vue-class-component/-/vue-class-component-7.2.3.tgz",
      "integrity": "sha512-oEqYpXKaFN+TaXU+mRLEx8dX0ah85aAJEe61mpdoUrq0Bhe/6sWhyZX1JjMQLhVsHAkncyhedhmCdDVSasUtDw=="
    },
    "vue-property-decorator": {
      "version": "8.4.1",
      "resolved": "https://registry.npmjs.org/vue-property-decorator/-/vue-property-decorator-8.4.1.tgz",
      "integrity": "sha512-8R4Us7DxFO0rwAL/2fv6vaZL8Oa4n/HGanHODYGTcvQHwT0FYJr9UuuFm2GoWAIXQu1mDO03HNeHswFp9vmTVA==",
      "requires": {
        "vue-class-component": "^7.1.0"
      }
    },
    "vue-slider-component": {
      "version": "3.1.2",
      "resolved": "https://registry.npmjs.org/vue-slider-component/-/vue-slider-component-3.1.2.tgz",
      "integrity": "sha512-pSVSoUTvRLYlkEr8pquNJMWtW3r5UU8GyUhWm0xfPBrNLWzcC/KNhRF2QtwccFuC+iTxjI03Za3EIM8UO09+Xw==",
      "requires": {
        "vue-property-decorator": "^8.0.0"
      }
    },
    "vuelidate": {
      "version": "0.7.5",
      "resolved": "https://registry.npmjs.org/vuelidate/-/vuelidate-0.7.5.tgz",
      "integrity": "sha512-GAAG8QAFVp7BFeQlNaThpTbimq3+HypBPNwdkCkHZZeVaD5zmXXfhp357dcUJXHXTZjSln0PvP6wiwLZXkFTwg=="
    }
  }
}
