{
  "name": "frontend",
  "version": "1.0.0",
  "lockfileVersion": 1,
  "requires": true,
  "dependencies": {
    "@fortawesome/fontawesome-common-types": {
      "version": "0.2.27",
      "resolved": "https://npm.fontawesome.com/@fortawesome/fontawesome-common-types/-/0.2.27/fontawesome-common-types-0.2.27.tgz",
      "integrity": "sha512-97GaByGaXDGMkzcJX7VmR/jRJd8h1mfhtA7RsxDBN61GnWE/PPCZhOdwG/8OZYktiRUF0CvFOr+VgRkJrt6TWg=="
    },
    "@fortawesome/pro-duotone-svg-icons": {
      "version": "5.12.1",
      "resolved": "https://npm.fontawesome.com/@fortawesome/pro-duotone-svg-icons/-/5.12.1/pro-duotone-svg-icons-5.12.1.tgz",
      "integrity": "sha512-4dcKEbHKR9log2iowQDb3/nsVyQKrSArj7IVuG5hgNJFfPpeBNXM1LJQBSFgcDLyxmO3fkthU/ZS5pe9M1rwCQ==",
      "requires": {
        "@fortawesome/fontawesome-common-types": "^0.2.27"
      }
    },
    "@fortawesome/pro-regular-svg-icons": {
      "version": "5.12.1",
      "resolved": "https://npm.fontawesome.com/@fortawesome/pro-regular-svg-icons/-/5.12.1/pro-regular-svg-icons-5.12.1.tgz",
      "integrity": "sha512-IHwJ1Jj8zfNwC3Bj2m+YD21L1et9Ocxu6RCSLVqpTYgz2BT7CwUzHy83hUL+4JDEuA41sYyZjdsAXDgg5+DKZg==",
      "requires": {
        "@fortawesome/fontawesome-common-types": "^0.2.27"
      }
    },
    "vuelidate": {
      "version": "0.7.5",
      "resolved": "https://registry.npmjs.org/vuelidate/-/vuelidate-0.7.5.tgz",
      "integrity": "sha512-GAAG8QAFVp7BFeQlNaThpTbimq3+HypBPNwdkCkHZZeVaD5zmXXfhp357dcUJXHXTZjSln0PvP6wiwLZXkFTwg=="
    }
  }
}
